{
  "name": "ms-excel-add-in",
  "lockfileVersion": 3,
  "requires": true,
  "packages": {
    "": {
      "devDependencies": {
        "@types/office-js": "^1.0.560"
      }
    },
    "node_modules/@types/office-js": {
      "version": "1.0.560",
      "resolved": "https://registry.npmjs.org/@types/office-js/-/office-js-1.0.560.tgz",
      "integrity": "sha512-dpasL4A6pjoT/Ldt8KzCq84sBIQtqYPB425WRxk7yNkjfGy23dr99jNSeWb2rkJOamVoa39rVGB4B3t7rERTOQ==",
      "dev": true,
      "license": "MIT"
    }
  }
}
